
Microsoft Visual Studio Solution File, Format Version 12.00
# Visual Studio 14
VisualStudioVersion = 14.0.24720.0
MinimumVisualStudioVersion = 10.0.40219.1
Project("{8BC9CEB8-8B4A-11D0-8D11-00A0C91BC942}") = "SRM144Div2", "SRM144Div2\SRM144Div2.vcxproj", "{1731BCF6-DD6F-4A4D-8BC5-09D7A100FA7C}"
EndProject
Project("{8BC9CEB8-8B4A-11D0-8D11-00A0C91BC942}") = "SRM672Div2_250", "SRM672Div2_250\SRM672Div2_250.vcxproj", "{B7ED39F2-C91A-4647-9EE2-28E9AAA54104}"
EndProject
Project("{8BC9CEB8-8B4A-11D0-8D11-00A0C91BC942}") = "SRM677Div2_250", "SRM677Div2_250\SRM677Div2_250.vcxproj", "{1F90261F-D9DC-4746-92C2-907315F98A9C}"
EndProject
Project("{8BC9CEB8-8B4A-11D0-8D11-00A0C91BC942}") = "SRM677Div2_550", "SRM677Div2_550\SRM677Div2_550.vcxproj", "{5096CC2C-25DD-473F-8AAD-EAC13CB4B6AF}"
EndProject
Project("{8BC9CEB8-8B4A-11D0-8D11-00A0C91BC942}") = "SRM672Div2_500", "SRM672Div2_500\SRM672Div2_500.vcxproj", "{445C65C9-3272-44CB-AE30-D7DF9175EC98}"
EndProject
Global
	GlobalSection(SolutionConfigurationPlatforms) = preSolution
		Debug|x64 = Debug|x64
		Debug|x86 = Debug|x86
		Release|x64 = Release|x64
		Release|x86 = Release|x86
	EndGlobalSection
	GlobalSection(ProjectConfigurationPlatforms) = postSolution
		{1731BCF6-DD6F-4A4D-8BC5-09D7A100FA7C}.Debug|x64.ActiveCfg = Debug|x64
		{1731BCF6-DD6F-4A4D-8BC5-09D7A100FA7C}.Debug|x64.Build.0 = Debug|x64
		{1731BCF6-DD6F-4A4D-8BC5-09D7A100FA7C}.Debug|x86.ActiveCfg = Debug|Win32
		{1731BCF6-DD6F-4A4D-8BC5-09D7A100FA7C}.Debug|x86.Build.0 = Debug|Win32
		{1731BCF6-DD6F-4A4D-8BC5-09D7A100FA7C}.Release|x64.ActiveCfg = Release|x64
		{1731BCF6-DD6F-4A4D-8BC5-09D7A100FA7C}.Release|x64.Build.0 = Release|x64
		{1731BCF6-DD6F-4A4D-8BC5-09D7A100FA7C}.Release|x86.ActiveCfg = Release|Win32
		{1731BCF6-DD6F-4A4D-8BC5-09D7A100FA7C}.Release|x86.Build.0 = Release|Win32
		{B7ED39F2-C91A-4647-9EE2-28E9AAA54104}.Debug|x64.ActiveCfg = Debug|x64
		{B7ED39F2-C91A-4647-9EE2-28E9AAA54104}.Debug|x64.Build.0 = Debug|x64
		{B7ED39F2-C91A-4647-9EE2-28E9AAA54104}.Debug|x86.ActiveCfg = Debug|Win32
		{B7ED39F2-C91A-4647-9EE2-28E9AAA54104}.Debug|x86.Build.0 = Debug|Win32
		{B7ED39F2-C91A-4647-9EE2-28E9AAA54104}.Release|x64.ActiveCfg = Release|x64
		{B7ED39F2-C91A-4647-9EE2-28E9AAA54104}.Release|x64.Build.0 = Release|x64
		{B7ED39F2-C91A-4647-9EE2-28E9AAA54104}.Release|x86.ActiveCfg = Release|Win32
		{B7ED39F2-C91A-4647-9EE2-28E9AAA54104}.Release|x86.Build.0 = Release|Win32
		{1F90261F-D9DC-4746-92C2-907315F98A9C}.Debug|x64.ActiveCfg = Debug|x64
		{1F90261F-D9DC-4746-92C2-907315F98A9C}.Debug|x64.Build.0 = Debug|x64
		{1F90261F-D9DC-4746-92C2-907315F98A9C}.Debug|x86.ActiveCfg = Debug|Win32
		{1F90261F-D9DC-4746-92C2-907315F98A9C}.Debug|x86.Build.0 = Debug|Win32
		{1F90261F-D9DC-4746-92C2-907315F98A9C}.Release|x64.ActiveCfg = Release|x64
		{1F90261F-D9DC-4746-92C2-907315F98A9C}.Release|x64.Build.0 = Release|x64
		{1F90261F-D9DC-4746-92C2-907315F98A9C}.Release|x86.ActiveCfg = Release|Win32
		{1F90261F-D9DC-4746-92C2-907315F98A9C}.Release|x86.Build.0 = Release|Win32
		{5096CC2C-25DD-473F-8AAD-EAC13CB4B6AF}.Debug|x64.ActiveCfg = Debug|x64
		{5096CC2C-25DD-473F-8AAD-EAC13CB4B6AF}.Debug|x64.Build.0 = Debug|x64
		{5096CC2C-25DD-473F-8AAD-EAC13CB4B6AF}.Debug|x86.ActiveCfg = Debug|Win32
		{5096CC2C-25DD-473F-8AAD-EAC13CB4B6AF}.Debug|x86.Build.0 = Debug|Win32
		{5096CC2C-25DD-473F-8AAD-EAC13CB4B6AF}.Release|x64.ActiveCfg = Release|x64
		{5096CC2C-25DD-473F-8AAD-EAC13CB4B6AF}.Release|x64.Build.0 = Release|x64
		{5096CC2C-25DD-473F-8AAD-EAC13CB4B6AF}.Release|x86.ActiveCfg = Release|Win32
		{5096CC2C-25DD-473F-8AAD-EAC13CB4B6AF}.Release|x86.Build.0 = Release|Win32
		{445C65C9-3272-44CB-AE30-D7DF9175EC98}.Debug|x64.ActiveCfg = Debug|x64
		{445C65C9-3272-44CB-AE30-D7DF9175EC98}.Debug|x64.Build.0 = Debug|x64
		{445C65C9-3272-44CB-AE30-D7DF9175EC98}.Debug|x86.ActiveCfg = Debug|Win32
		{445C65C9-3272-44CB-AE30-D7DF9175EC98}.Debug|x86.Build.0 = Debug|Win32
		{445C65C9-3272-44CB-AE30-D7DF9175EC98}.Release|x64.ActiveCfg = Release|x64
		{445C65C9-3272-44CB-AE30-D7DF9175EC98}.Release|x64.Build.0 = Release|x64
		{445C65C9-3272-44CB-AE30-D7DF9175EC98}.Release|x86.ActiveCfg = Release|Win32
		{445C65C9-3272-44CB-AE30-D7DF9175EC98}.Release|x86.Build.0 = Release|Win32
	EndGlobalSection
	GlobalSection(SolutionProperties) = preSolution
		HideSolutionNode = FALSE
	EndGlobalSection
EndGlobal
